
Microsoft Visual Studio Solution File, Format Version 12.00
# Visual Studio 2012
Project("{FAE04EC0-301F-11D3-BF4B-00C04F79EFBC}") = "TestPopulo", "TestPopulo\TestPopulo.csproj", "{F9B38FF1-21FE-44F8-A79E-0E4C7E5F91E9}"
EndProject
Project("{FAE04EC0-301F-11D3-BF4B-00C04F79EFBC}") = "MusicPopulation", "MusicPopulation\MusicPopulation.csproj", "{3EA97746-817F-4C38-89DA-F5A46518FEDB}"
EndProject
Project("{FAE04EC0-301F-11D3-BF4B-00C04F79EFBC}") = "PopuloApplication", "PopuloApplication\PopuloApplication.csproj", "{956B2021-95BC-401F-BB9C-4DC84D136707}"
EndProject
Global
	GlobalSection(SolutionConfigurationPlatforms) = preSolution
		Debug|Any CPU = Debug|Any CPU
		Release|Any CPU = Release|Any CPU
	EndGlobalSection
	GlobalSection(ProjectConfigurationPlatforms) = postSolution
		{F9B38FF1-21FE-44F8-A79E-0E4C7E5F91E9}.Debug|Any CPU.ActiveCfg = Debug|Any CPU
		{F9B38FF1-21FE-44F8-A79E-0E4C7E5F91E9}.Debug|Any CPU.Build.0 = Debug|Any CPU
		{F9B38FF1-21FE-44F8-A79E-0E4C7E5F91E9}.Release|Any CPU.ActiveCfg = Release|Any CPU
		{F9B38FF1-21FE-44F8-A79E-0E4C7E5F91E9}.Release|Any CPU.Build.0 = Release|Any CPU
		{3EA97746-817F-4C38-89DA-F5A46518FEDB}.Debug|Any CPU.ActiveCfg = Debug|Any CPU
		{3EA97746-817F-4C38-89DA-F5A46518FEDB}.Debug|Any CPU.Build.0 = Debug|Any CPU
		{3EA97746-817F-4C38-89DA-F5A46518FEDB}.Release|Any CPU.ActiveCfg = Release|Any CPU
		{3EA97746-817F-4C38-89DA-F5A46518FEDB}.Release|Any CPU.Build.0 = Release|Any CPU
		{956B2021-95BC-401F-BB9C-4DC84D136707}.Debug|Any CPU.ActiveCfg = Debug|Any CPU
		{956B2021-95BC-401F-BB9C-4DC84D136707}.Debug|Any CPU.Build.0 = Debug|Any CPU
		{956B2021-95BC-401F-BB9C-4DC84D136707}.Release|Any CPU.ActiveCfg = Release|Any CPU
		{956B2021-95BC-401F-BB9C-4DC84D136707}.Release|Any CPU.Build.0 = Release|Any CPU
	EndGlobalSection
	GlobalSection(SolutionProperties) = preSolution
		HideSolutionNode = FALSE
	EndGlobalSection
EndGlobal
